// !$*UTF8*$!
{
	archiveVersion = 1;
	classes = {
	};
	objectVersion = 46;
	objects = {

/* Begin PBXBuildFile section */
		407197BB366ECF2F55498D75 /* Pods_AppTest_AppTestUITests.framework in Frameworks */ = {isa = PBXBuildFile; fileRef = 67AB09BB13501668816F3347 /* Pods_AppTest_AppTestUITests.framework */; };
		52BDFB2EBD197E40E00FECEA /* Pods_AppTest.framework in Frameworks */ = {isa = PBXBuildFile; fileRef = 9CB7830F6D3AB848D7C35F1F /* Pods_AppTest.framework */; };
		589CFC6F9CD8082DFCF3E3E0 /* Pods_AppTest_AppTestTests.framework in Frameworks */ = {isa = PBXBuildFile; fileRef = 32E229595AC2D0B06C22D35B /* Pods_AppTest_AppTestTests.framework */; };
		D17C98E01CEEFD7200403DCA /* test_places.geojson in Resources */ = {isa = PBXBuildFile; fileRef = D17C98DF1CEEFD7200403DCA /* test_places.geojson */; };
		D1C855D61CEEF33A00866F70 /* AppDelegate.swift in Sources */ = {isa = PBXBuildFile; fileRef = D1C855D51CEEF33A00866F70 /* AppDelegate.swift */; };
		D1C855D81CEEF33A00866F70 /* ViewController.swift in Sources */ = {isa = PBXBuildFile; fileRef = D1C855D71CEEF33A00866F70 /* ViewController.swift */; };
		D1C855DB1CEEF33A00866F70 /* Main.storyboard in Resources */ = {isa = PBXBuildFile; fileRef = D1C855D91CEEF33A00866F70 /* Main.storyboard */; };
		D1C855DD1CEEF33A00866F70 /* Assets.xcassets in Resources */ = {isa = PBXBuildFile; fileRef = D1C855DC1CEEF33A00866F70 /* Assets.xcassets */; };
		D1C855E01CEEF33A00866F70 /* LaunchScreen.storyboard in Resources */ = {isa = PBXBuildFile; fileRef = D1C855DE1CEEF33A00866F70 /* LaunchScreen.storyboard */; };
		D1C855EB1CEEF33A00866F70 /* AppTestTests.swift in Sources */ = {isa = PBXBuildFile; fileRef = D1C855EA1CEEF33A00866F70 /* AppTestTests.swift */; };
		D1C855F61CEEF33A00866F70 /* AppTestUITests.swift in Sources */ = {isa = PBXBuildFile; fileRef = D1C855F51CEEF33A00866F70 /* AppTestUITests.swift */; };
/* End PBXBuildFile section */

/* Begin PBXContainerItemProxy section */
		D1C855E71CEEF33A00866F70 /* PBXContainerItemProxy */ = {
			isa = PBXContainerItemProxy;
			containerPortal = D1C855CA1CEEF33A00866F70 /* Project object */;
			proxyType = 1;
			remoteGlobalIDString = D1C855D11CEEF33A00866F70;
			remoteInfo = AppTest;
		};
		D1C855F21CEEF33A00866F70 /* PBXContainerItemProxy */ = {
			isa = PBXContainerItemProxy;
			containerPortal = D1C855CA1CEEF33A00866F70 /* Project object */;
			proxyType = 1;
			remoteGlobalIDString = D1C855D11CEEF33A00866F70;
			remoteInfo = AppTest;
		};
/* End PBXContainerItemProxy section */

/* Begin PBXFileReference section */
		32E229595AC2D0B06C22D35B /* Pods_AppTest_AppTestTests.framework */ = {isa = PBXFileReference; explicitFileType = wrapper.framework; includeInIndex = 0; path = Pods_AppTest_AppTestTests.framework; sourceTree = BUILT_PRODUCTS_DIR; };
		3BA315EDB3118838014245F0 /* Pods-AppTest.debug.xcconfig */ = {isa = PBXFileReference; includeInIndex = 1; lastKnownFileType = text.xcconfig; name = "Pods-AppTest.debug.xcconfig"; path = "Pods/Target Support Files/Pods-AppTest/Pods-AppTest.debug.xcconfig"; sourceTree = "<group>"; };
		6665BB04E34258FD4C66D24A /* Pods-AppTest-AppTestTests.debug.xcconfig */ = {isa = PBXFileReference; includeInIndex = 1; lastKnownFileType = text.xcconfig; name = "Pods-AppTest-AppTestTests.debug.xcconfig"; path = "Pods/Target Support Files/Pods-AppTest-AppTestTests/Pods-AppTest-AppTestTests.debug.xcconfig"; sourceTree = "<group>"; };
		67AB09BB13501668816F3347 /* Pods_AppTest_AppTestUITests.framework */ = {isa = PBXFileReference; explicitFileType = wrapper.framework; includeInIndex = 0; path = Pods_AppTest_AppTestUITests.framework; sourceTree = BUILT_PRODUCTS_DIR; };
		73BAC8F52485C08E1F9169FF /* Pods-AppTest-AppTestTests.release.xcconfig */ = {isa = PBXFileReference; includeInIndex = 1; lastKnownFileType = text.xcconfig; name = "Pods-AppTest-AppTestTests.release.xcconfig"; path = "Pods/Target Support Files/Pods-AppTest-AppTestTests/Pods-AppTest-AppTestTests.release.xcconfig"; sourceTree = "<group>"; };
		934B05D4238BA697FD24403D /* Pods-AppTest.release.xcconfig */ = {isa = PBXFileReference; includeInIndex = 1; lastKnownFileType = text.xcconfig; name = "Pods-AppTest.release.xcconfig"; path = "Pods/Target Support Files/Pods-AppTest/Pods-AppTest.release.xcconfig"; sourceTree = "<group>"; };
		96B1373840C0937D077A1381 /* Pods-AppTest-AppTestUITests.release.xcconfig */ = {isa = PBXFileReference; includeInIndex = 1; lastKnownFileType = text.xcconfig; name = "Pods-AppTest-AppTestUITests.release.xcconfig"; path = "Pods/Target Support Files/Pods-AppTest-AppTestUITests/Pods-AppTest-AppTestUITests.release.xcconfig"; sourceTree = "<group>"; };
		9CB7830F6D3AB848D7C35F1F /* Pods_AppTest.framework */ = {isa = PBXFileReference; explicitFileType = wrapper.framework; includeInIndex = 0; path = Pods_AppTest.framework; sourceTree = BUILT_PRODUCTS_DIR; };
		D17C98DF1CEEFD7200403DCA /* test_places.geojson */ = {isa = PBXFileReference; fileEncoding = 4; lastKnownFileType = text; path = test_places.geojson; sourceTree = "<group>"; };
		D1C855D21CEEF33A00866F70 /* AppTest.app */ = {isa = PBXFileReference; explicitFileType = wrapper.application; includeInIndex = 0; path = AppTest.app; sourceTree = BUILT_PRODUCTS_DIR; };
		D1C855D51CEEF33A00866F70 /* AppDelegate.swift */ = {isa = PBXFileReference; lastKnownFileType = sourcecode.swift; path = AppDelegate.swift; sourceTree = "<group>"; };
		D1C855D71CEEF33A00866F70 /* ViewController.swift */ = {isa = PBXFileReference; lastKnownFileType = sourcecode.swift; path = ViewController.swift; sourceTree = "<group>"; };
		D1C855DA1CEEF33A00866F70 /* Base */ = {isa = PBXFileReference; lastKnownFileType = file.storyboard; name = Base; path = Base.lproj/Main.storyboard; sourceTree = "<group>"; };
		D1C855DC1CEEF33A00866F70 /* Assets.xcassets */ = {isa = PBXFileReference; lastKnownFileType = folder.assetcatalog; path = Assets.xcassets; sourceTree = "<group>"; };
		D1C855DF1CEEF33A00866F70 /* Base */ = {isa = PBXFileReference; lastKnownFileType = file.storyboard; name = Base; path = Base.lproj/LaunchScreen.storyboard; sourceTree = "<group>"; };
		D1C855E11CEEF33A00866F70 /* Info.plist */ = {isa = PBXFileReference; lastKnownFileType = text.plist.xml; path = Info.plist; sourceTree = "<group>"; };
		D1C855E61CEEF33A00866F70 /* AppTestTests.xctest */ = {isa = PBXFileReference; explicitFileType = wrapper.cfbundle; includeInIndex = 0; path = AppTestTests.xctest; sourceTree = BUILT_PRODUCTS_DIR; };
		D1C855EA1CEEF33A00866F70 /* AppTestTests.swift */ = {isa = PBXFileReference; lastKnownFileType = sourcecode.swift; path = AppTestTests.swift; sourceTree = "<group>"; };
		D1C855EC1CEEF33A00866F70 /* Info.plist */ = {isa = PBXFileReference; lastKnownFileType = text.plist.xml; path = Info.plist; sourceTree = "<group>"; };
		D1C855F11CEEF33A00866F70 /* AppTestUITests.xctest */ = {isa = PBXFileReference; explicitFileType = wrapper.cfbundle; includeInIndex = 0; path = AppTestUITests.xctest; sourceTree = BUILT_PRODUCTS_DIR; };
		D1C855F51CEEF33A00866F70 /* AppTestUITests.swift */ = {isa = PBXFileReference; lastKnownFileType = sourcecode.swift; path = AppTestUITests.swift; sourceTree = "<group>"; };
		D1C855F71CEEF33A00866F70 /* Info.plist */ = {isa = PBXFileReference; lastKnownFileType = text.plist.xml; path = Info.plist; sourceTree = "<group>"; };
		F8D4F6AAC1D0E2E241B0E967 /* Pods-AppTest-AppTestUITests.debug.xcconfig */ = {isa = PBXFileReference; includeInIndex = 1; lastKnownFileType = text.xcconfig; name = "Pods-AppTest-AppTestUITests.debug.xcconfig"; path = "Pods/Target Support Files/Pods-AppTest-AppTestUITests/Pods-AppTest-AppTestUITests.debug.xcconfig"; sourceTree = "<group>"; };
/* End PBXFileReference section */

/* Begin PBXFrameworksBuildPhase section */
		D1C855CF1CEEF33A00866F70 /* Frameworks */ = {
			isa = PBXFrameworksBuildPhase;
			buildActionMask = 2147483647;
			files = (
				52BDFB2EBD197E40E00FECEA /* Pods_AppTest.framework in Frameworks */,
			);
			runOnlyForDeploymentPostprocessing = 0;
		};
		D1C855E31CEEF33A00866F70 /* Frameworks */ = {
			isa = PBXFrameworksBuildPhase;
			buildActionMask = 2147483647;
			files = (
				589CFC6F9CD8082DFCF3E3E0 /* Pods_AppTest_AppTestTests.framework in Frameworks */,
			);
			runOnlyForDeploymentPostprocessing = 0;
		};
		D1C855EE1CEEF33A00866F70 /* Frameworks */ = {
			isa = PBXFrameworksBuildPhase;
			buildActionMask = 2147483647;
			files = (
				407197BB366ECF2F55498D75 /* Pods_AppTest_AppTestUITests.framework in Frameworks */,
			);
			runOnlyForDeploymentPostprocessing = 0;
		};
/* End PBXFrameworksBuildPhase section */

/* Begin PBXGroup section */
		1D5F9AD5EA80EFEC56C36897 /* Frameworks */ = {
			isa = PBXGroup;
			children = (
				9CB7830F6D3AB848D7C35F1F /* Pods_AppTest.framework */,
				32E229595AC2D0B06C22D35B /* Pods_AppTest_AppTestTests.framework */,
				67AB09BB13501668816F3347 /* Pods_AppTest_AppTestUITests.framework */,
			);
			name = Frameworks;
			sourceTree = "<group>";
		};
		6510272A8C198CC773330420 /* Pods */ = {
			isa = PBXGroup;
			children = (
				3BA315EDB3118838014245F0 /* Pods-AppTest.debug.xcconfig */,
				934B05D4238BA697FD24403D /* Pods-AppTest.release.xcconfig */,
				6665BB04E34258FD4C66D24A /* Pods-AppTest-AppTestTests.debug.xcconfig */,
				73BAC8F52485C08E1F9169FF /* Pods-AppTest-AppTestTests.release.xcconfig */,
				F8D4F6AAC1D0E2E241B0E967 /* Pods-AppTest-AppTestUITests.debug.xcconfig */,
				96B1373840C0937D077A1381 /* Pods-AppTest-AppTestUITests.release.xcconfig */,
			);
			name = Pods;
			sourceTree = "<group>";
		};
		D1C855C91CEEF33A00866F70 = {
			isa = PBXGroup;
			children = (
				D1C855D41CEEF33A00866F70 /* AppTest */,
				D1C855E91CEEF33A00866F70 /* AppTestTests */,
				D1C855F41CEEF33A00866F70 /* AppTestUITests */,
				D1C855D31CEEF33A00866F70 /* Products */,
				6510272A8C198CC773330420 /* Pods */,
				1D5F9AD5EA80EFEC56C36897 /* Frameworks */,
			);
			sourceTree = "<group>";
		};
		D1C855D31CEEF33A00866F70 /* Products */ = {
			isa = PBXGroup;
			children = (
				D1C855D21CEEF33A00866F70 /* AppTest.app */,
				D1C855E61CEEF33A00866F70 /* AppTestTests.xctest */,
				D1C855F11CEEF33A00866F70 /* AppTestUITests.xctest */,
			);
			name = Products;
			sourceTree = "<group>";
		};
		D1C855D41CEEF33A00866F70 /* AppTest */ = {
			isa = PBXGroup;
			children = (
				D1C855D51CEEF33A00866F70 /* AppDelegate.swift */,
				D1C855D71CEEF33A00866F70 /* ViewController.swift */,
				D1C855D91CEEF33A00866F70 /* Main.storyboard */,
				D1C855DC1CEEF33A00866F70 /* Assets.xcassets */,
				D1C855DE1CEEF33A00866F70 /* LaunchScreen.storyboard */,
				D1C855E11CEEF33A00866F70 /* Info.plist */,
			);
			path = AppTest;
			sourceTree = "<group>";
		};
		D1C855E91CEEF33A00866F70 /* AppTestTests */ = {
			isa = PBXGroup;
			children = (
				D1C855EA1CEEF33A00866F70 /* AppTestTests.swift */,
				D17C98DF1CEEFD7200403DCA /* test_places.geojson */,
				D1C855EC1CEEF33A00866F70 /* Info.plist */,
			);
			path = AppTestTests;
			sourceTree = "<group>";
		};
		D1C855F41CEEF33A00866F70 /* AppTestUITests */ = {
			isa = PBXGroup;
			children = (
				D1C855F51CEEF33A00866F70 /* AppTestUITests.swift */,
				D1C855F71CEEF33A00866F70 /* Info.plist */,
			);
			path = AppTestUITests;
			sourceTree = "<group>";
		};
/* End PBXGroup section */

/* Begin PBXNativeTarget section */
		D1C855D11CEEF33A00866F70 /* AppTest */ = {
			isa = PBXNativeTarget;
			buildConfigurationList = D1C855FA1CEEF33A00866F70 /* Build configuration list for PBXNativeTarget "AppTest" */;
			buildPhases = (
				FD080F02BF44344343CDAC7B /* 📦 Check Pods Manifest.lock */,
				D1C855CE1CEEF33A00866F70 /* Sources */,
				D1C855CF1CEEF33A00866F70 /* Frameworks */,
				D1C855D01CEEF33A00866F70 /* Resources */,
				22894736104DC884514E3956 /* 📦 Embed Pods Frameworks */,
				AF0F1B258CDC4040743B4C9F /* 📦 Copy Pods Resources */,
			);
			buildRules = (
			);
			dependencies = (
			);
			name = AppTest;
			productName = AppTest;
			productReference = D1C855D21CEEF33A00866F70 /* AppTest.app */;
			productType = "com.apple.product-type.application";
		};
		D1C855E51CEEF33A00866F70 /* AppTestTests */ = {
			isa = PBXNativeTarget;
			buildConfigurationList = D1C855FD1CEEF33A00866F70 /* Build configuration list for PBXNativeTarget "AppTestTests" */;
			buildPhases = (
				0B2B3B6608178BC90D9BAF13 /* 📦 Check Pods Manifest.lock */,
				D1C855E21CEEF33A00866F70 /* Sources */,
				D1C855E31CEEF33A00866F70 /* Frameworks */,
				D1C855E41CEEF33A00866F70 /* Resources */,
				9FD6D290450D47BE06417BF1 /* 📦 Embed Pods Frameworks */,
				77CAE64213233438832CB2CC /* 📦 Copy Pods Resources */,
			);
			buildRules = (
			);
			dependencies = (
				D1C855E81CEEF33A00866F70 /* PBXTargetDependency */,
			);
			name = AppTestTests;
			productName = AppTestTests;
			productReference = D1C855E61CEEF33A00866F70 /* AppTestTests.xctest */;
			productType = "com.apple.product-type.bundle.unit-test";
		};
		D1C855F01CEEF33A00866F70 /* AppTestUITests */ = {
			isa = PBXNativeTarget;
			buildConfigurationList = D1C856001CEEF33A00866F70 /* Build configuration list for PBXNativeTarget "AppTestUITests" */;
			buildPhases = (
				7E5480167039DE82B4DC0C3D /* 📦 Check Pods Manifest.lock */,
				D1C855ED1CEEF33A00866F70 /* Sources */,
				D1C855EE1CEEF33A00866F70 /* Frameworks */,
				D1C855EF1CEEF33A00866F70 /* Resources */,
				6A4C665D6DBF4418C1864AEF /* 📦 Copy Pods Resources */,
			);
			buildRules = (
			);
			dependencies = (
				D1C855F31CEEF33A00866F70 /* PBXTargetDependency */,
			);
			name = AppTestUITests;
			productName = AppTestUITests;
			productReference = D1C855F11CEEF33A00866F70 /* AppTestUITests.xctest */;
			productType = "com.apple.product-type.bundle.ui-testing";
		};
/* End PBXNativeTarget section */

/* Begin PBXProject section */
		D1C855CA1CEEF33A00866F70 /* Project object */ = {
			isa = PBXProject;
			attributes = {
				LastSwiftUpdateCheck = 0730;
				LastUpgradeCheck = 0730;
				ORGANIZATIONNAME = "吳天元";
				TargetAttributes = {
					D1C855D11CEEF33A00866F70 = {
						CreatedOnToolsVersion = 7.3;
					};
					D1C855E51CEEF33A00866F70 = {
						CreatedOnToolsVersion = 7.3;
						TestTargetID = D1C855D11CEEF33A00866F70;
					};
					D1C855F01CEEF33A00866F70 = {
						CreatedOnToolsVersion = 7.3;
						TestTargetID = D1C855D11CEEF33A00866F70;
					};
				};
			};
			buildConfigurationList = D1C855CD1CEEF33A00866F70 /* Build configuration list for PBXProject "AppTest" */;
			compatibilityVersion = "Xcode 3.2";
			developmentRegion = English;
			hasScannedForEncodings = 0;
			knownRegions = (
				en,
				Base,
			);
			mainGroup = D1C855C91CEEF33A00866F70;
			productRefGroup = D1C855D31CEEF33A00866F70 /* Products */;
			projectDirPath = "";
			projectRoot = "";
			targets = (
				D1C855D11CEEF33A00866F70 /* AppTest */,
				D1C855E51CEEF33A00866F70 /* AppTestTests */,
				D1C855F01CEEF33A00866F70 /* AppTestUITests */,
			);
		};
/* End PBXProject section */

/* Begin PBXResourcesBuildPhase section */
		D1C855D01CEEF33A00866F70 /* Resources */ = {
			isa = PBXResourcesBuildPhase;
			buildActionMask = 2147483647;
			files = (
				D1C855E01CEEF33A00866F70 /* LaunchScreen.storyboard in Resources */,
				D1C855DD1CEEF33A00866F70 /* Assets.xcassets in Resources */,
				D1C855DB1CEEF33A00866F70 /* Main.storyboard in Resources */,
			);
			runOnlyForDeploymentPostprocessing = 0;
		};
		D1C855E41CEEF33A00866F70 /* Resources */ = {
			isa = PBXResourcesBuildPhase;
			buildActionMask = 2147483647;
			files = (
				D17C98E01CEEFD7200403DCA /* test_places.geojson in Resources */,
			);
			runOnlyForDeploymentPostprocessing = 0;
		};
		D1C855EF1CEEF33A00866F70 /* Resources */ = {
			isa = PBXResourcesBuildPhase;
			buildActionMask = 2147483647;
			files = (
			);
			runOnlyForDeploymentPostprocessing = 0;
		};
/* End PBXResourcesBuildPhase section */

/* Begin PBXShellScriptBuildPhase section */
		0B2B3B6608178BC90D9BAF13 /* 📦 Check Pods Manifest.lock */ = {
			isa = PBXShellScriptBuildPhase;
			buildActionMask = 2147483647;
			files = (
			);
			inputPaths = (
			);
			name = "📦 Check Pods Manifest.lock";
			outputPaths = (
			);
			runOnlyForDeploymentPostprocessing = 0;
			shellPath = /bin/sh;
			shellScript = "diff \"${PODS_ROOT}/../Podfile.lock\" \"${PODS_ROOT}/Manifest.lock\" > /dev/null\nif [[ $? != 0 ]] ; then\n    cat << EOM\nerror: The sandbox is not in sync with the Podfile.lock. Run 'pod install' or update your CocoaPods installation.\nEOM\n    exit 1\nfi\n";
			showEnvVarsInLog = 0;
		};
		22894736104DC884514E3956 /* 📦 Embed Pods Frameworks */ = {
			isa = PBXShellScriptBuildPhase;
			buildActionMask = 2147483647;
			files = (
			);
			inputPaths = (
			);
			name = "📦 Embed Pods Frameworks";
			outputPaths = (
			);
			runOnlyForDeploymentPostprocessing = 0;
			shellPath = /bin/sh;
			shellScript = "\"${SRCROOT}/Pods/Target Support Files/Pods-AppTest/Pods-AppTest-frameworks.sh\"\n";
			showEnvVarsInLog = 0;
		};
		6A4C665D6DBF4418C1864AEF /* 📦 Copy Pods Resources */ = {
			isa = PBXShellScriptBuildPhase;
			buildActionMask = 2147483647;
			files = (
			);
			inputPaths = (
			);
			name = "📦 Copy Pods Resources";
			outputPaths = (
			);
			runOnlyForDeploymentPostprocessing = 0;
			shellPath = /bin/sh;
			shellScript = "\"${SRCROOT}/Pods/Target Support Files/Pods-AppTest-AppTestUITests/Pods-AppTest-AppTestUITests-resources.sh\"\n";
			showEnvVarsInLog = 0;
		};
		77CAE64213233438832CB2CC /* 📦 Copy Pods Resources */ = {
			isa = PBXShellScriptBuildPhase;
			buildActionMask = 2147483647;
			files = (
			);
			inputPaths = (
			);
			name = "📦 Copy Pods Resources";
			outputPaths = (
			);
			runOnlyForDeploymentPostprocessing = 0;
			shellPath = /bin/sh;
			shellScript = "\"${SRCROOT}/Pods/Target Support Files/Pods-AppTest-AppTestTests/Pods-AppTest-AppTestTests-resources.sh\"\n";
			showEnvVarsInLog = 0;
		};
		7E5480167039DE82B4DC0C3D /* 📦 Check Pods Manifest.lock */ = {
			isa = PBXShellScriptBuildPhase;
			buildActionMask = 2147483647;
			files = (
			);
			inputPaths = (
			);
			name = "📦 Check Pods Manifest.lock";
			outputPaths = (
			);
			runOnlyForDeploymentPostprocessing = 0;
			shellPath = /bin/sh;
			shellScript = "diff \"${PODS_ROOT}/../Podfile.lock\" \"${PODS_ROOT}/Manifest.lock\" > /dev/null\nif [[ $? != 0 ]] ; then\n    cat << EOM\nerror: The sandbox is not in sync with the Podfile.lock. Run 'pod install' or update your CocoaPods installation.\nEOM\n    exit 1\nfi\n";
			showEnvVarsInLog = 0;
		};
		9FD6D290450D47BE06417BF1 /* 📦 Embed Pods Frameworks */ = {
			isa = PBXShellScriptBuildPhase;
			buildActionMask = 2147483647;
			files = (
			);
			inputPaths = (
			);
			name = "📦 Embed Pods Frameworks";
			outputPaths = (
			);
			runOnlyForDeploymentPostprocessing = 0;
			shellPath = /bin/sh;
			shellScript = "\"${SRCROOT}/Pods/Target Support Files/Pods-AppTest-AppTestTests/Pods-AppTest-AppTestTests-frameworks.sh\"\n";
			showEnvVarsInLog = 0;
		};
		AF0F1B258CDC4040743B4C9F /* 📦 Copy Pods Resources */ = {
			isa = PBXShellScriptBuildPhase;
			buildActionMask = 2147483647;
			files = (
			);
			inputPaths = (
			);
			name = "📦 Copy Pods Resources";
			outputPaths = (
			);
			runOnlyForDeploymentPostprocessing = 0;
			shellPath = /bin/sh;
			shellScript = "\"${SRCROOT}/Pods/Target Support Files/Pods-AppTest/Pods-AppTest-resources.sh\"\n";
			showEnvVarsInLog = 0;
		};
		FD080F02BF44344343CDAC7B /* 📦 Check Pods Manifest.lock */ = {
			isa = PBXShellScriptBuildPhase;
			buildActionMask = 2147483647;
			files = (
			);
			inputPaths = (
			);
			name = "📦 Check Pods Manifest.lock";
			outputPaths = (
			);
			runOnlyForDeploymentPostprocessing = 0;
			shellPath = /bin/sh;
			shellScript = "diff \"${PODS_ROOT}/../Podfile.lock\" \"${PODS_ROOT}/Manifest.lock\" > /dev/null\nif [[ $? != 0 ]] ; then\n    cat << EOM\nerror: The sandbox is not in sync with the Podfile.lock. Run 'pod install' or update your CocoaPods installation.\nEOM\n    exit 1\nfi\n";
			showEnvVarsInLog = 0;
		};
/* End PBXShellScriptBuildPhase section */

/* Begin PBXSourcesBuildPhase section */
		D1C855CE1CEEF33A00866F70 /* Sources */ = {
			isa = PBXSourcesBuildPhase;
			buildActionMask = 2147483647;
			files = (
				D1C855D81CEEF33A00866F70 /* ViewController.swift in Sources */,
				D1C855D61CEEF33A00866F70 /* AppDelegate.swift in Sources */,
			);
			runOnlyForDeploymentPostprocessing = 0;
		};
		D1C855E21CEEF33A00866F70 /* Sources */ = {
			isa = PBXSourcesBuildPhase;
			buildActionMask = 2147483647;
			files = (
				D1C855EB1CEEF33A00866F70 /* AppTestTests.swift in Sources */,
			);
			runOnlyForDeploymentPostprocessing = 0;
		};
		D1C855ED1CEEF33A00866F70 /* Sources */ = {
			isa = PBXSourcesBuildPhase;
			buildActionMask = 2147483647;
			files = (
				D1C855F61CEEF33A00866F70 /* AppTestUITests.swift in Sources */,
			);
			runOnlyForDeploymentPostprocessing = 0;
		};
/* End PBXSourcesBuildPhase section */

/* Begin PBXTargetDependency section */
		D1C855E81CEEF33A00866F70 /* PBXTargetDependency */ = {
			isa = PBXTargetDependency;
			target = D1C855D11CEEF33A00866F70 /* AppTest */;
			targetProxy = D1C855E71CEEF33A00866F70 /* PBXContainerItemProxy */;
		};
		D1C855F31CEEF33A00866F70 /* PBXTargetDependency */ = {
			isa = PBXTargetDependency;
			target = D1C855D11CEEF33A00866F70 /* AppTest */;
			targetProxy = D1C855F21CEEF33A00866F70 /* PBXContainerItemProxy */;
		};
/* End PBXTargetDependency section */

/* Begin PBXVariantGroup section */
		D1C855D91CEEF33A00866F70 /* Main.storyboard */ = {
			isa = PBXVariantGroup;
			children = (
				D1C855DA1CEEF33A00866F70 /* Base */,
			);
			name = Main.storyboard;
			sourceTree = "<group>";
		};
		D1C855DE1CEEF33A00866F70 /* LaunchScreen.storyboard */ = {
			isa = PBXVariantGroup;
			children = (
				D1C855DF1CEEF33A00866F70 /* Base */,
			);
			name = LaunchScreen.storyboard;
			sourceTree = "<group>";
		};
/* End PBXVariantGroup section */

/* Begin XCBuildConfiguration section */
		D1C855F81CEEF33A00866F70 /* Debug */ = {
			isa = XCBuildConfiguration;
			buildSettings = {
				ALWAYS_SEARCH_USER_PATHS = NO;
				CLANG_ANALYZER_NONNULL = YES;
				CLANG_CXX_LANGUAGE_STANDARD = "gnu++0x";
				CLANG_CXX_LIBRARY = "libc++";
				CLANG_ENABLE_MODULES = YES;
				CLANG_ENABLE_OBJC_ARC = YES;
				CLANG_WARN_BOOL_CONVERSION = YES;
				CLANG_WARN_CONSTANT_CONVERSION = YES;
				CLANG_WARN_DIRECT_OBJC_ISA_USAGE = YES_ERROR;
				CLANG_WARN_EMPTY_BODY = YES;
				CLANG_WARN_ENUM_CONVERSION = YES;
				CLANG_WARN_INT_CONVERSION = YES;
				CLANG_WARN_OBJC_ROOT_CLASS = YES_ERROR;
				CLANG_WARN_UNREACHABLE_CODE = YES;
				CLANG_WARN__DUPLICATE_METHOD_MATCH = YES;
				"CODE_SIGN_IDENTITY[sdk=iphoneos*]" = "iPhone Developer";
				COPY_PHASE_STRIP = NO;
				DEBUG_INFORMATION_FORMAT = dwarf;
				ENABLE_STRICT_OBJC_MSGSEND = YES;
				ENABLE_TESTABILITY = YES;
				GCC_C_LANGUAGE_STANDARD = gnu99;
				GCC_DYNAMIC_NO_PIC = NO;
				GCC_NO_COMMON_BLOCKS = YES;
				GCC_OPTIMIZATION_LEVEL = 0;
				GCC_PREPROCESSOR_DEFINITIONS = (
					"DEBUG=1",
					"$(inherited)",
				);
				GCC_WARN_64_TO_32_BIT_CONVERSION = YES;
				GCC_WARN_ABOUT_RETURN_TYPE = YES_ERROR;
				GCC_WARN_UNDECLARED_SELECTOR = YES;
				GCC_WARN_UNINITIALIZED_AUTOS = YES_AGGRESSIVE;
				GCC_WARN_UNUSED_FUNCTION = YES;
				GCC_WARN_UNUSED_VARIABLE = YES;
				IPHONEOS_DEPLOYMENT_TARGET = 9.3;
				MTL_ENABLE_DEBUG_INFO = YES;
				ONLY_ACTIVE_ARCH = YES;
				SDKROOT = iphoneos;
				SWIFT_OPTIMIZATION_LEVEL = "-Onone";
			};
			name = Debug;
		};
		D1C855F91CEEF33A00866F70 /* Release */ = {
			isa = XCBuildConfiguration;
			buildSettings = {
				ALWAYS_SEARCH_USER_PATHS = NO;
				CLANG_ANALYZER_NONNULL = YES;
				CLANG_CXX_LANGUAGE_STANDARD = "gnu++0x";
				CLANG_CXX_LIBRARY = "libc++";
				CLANG_ENABLE_MODULES = YES;
				CLANG_ENABLE_OBJC_ARC = YES;
				CLANG_WARN_BOOL_CONVERSION = YES;
				CLANG_WARN_CONSTANT_CONVERSION = YES;
				CLANG_WARN_DIRECT_OBJC_ISA_USAGE = YES_ERROR;
				CLANG_WARN_EMPTY_BODY = YES;
				CLANG_WARN_ENUM_CONVERSION = YES;
				CLANG_WARN_INT_CONVERSION = YES;
				CLANG_WARN_OBJC_ROOT_CLASS = YES_ERROR;
				CLANG_WARN_UNREACHABLE_CODE = YES;
				CLANG_WARN__DUPLICATE_METHOD_MATCH = YES;
				"CODE_SIGN_IDENTITY[sdk=iphoneos*]" = "iPhone Developer";
				COPY_PHASE_STRIP = NO;
				DEBUG_INFORMATION_FORMAT = "dwarf-with-dsym";
				ENABLE_NS_ASSERTIONS = NO;
				ENABLE_STRICT_OBJC_MSGSEND = YES;
				GCC_C_LANGUAGE_STANDARD = gnu99;
				GCC_NO_COMMON_BLOCKS = YES;
				GCC_WARN_64_TO_32_BIT_CONVERSION = YES;
				GCC_WARN_ABOUT_RETURN_TYPE = YES_ERROR;
				GCC_WARN_UNDECLARED_SELECTOR = YES;
				GCC_WARN_UNINITIALIZED_AUTOS = YES_AGGRESSIVE;
				GCC_WARN_UNUSED_FUNCTION = YES;
				GCC_WARN_UNUSED_VARIABLE = YES;
				IPHONEOS_DEPLOYMENT_TARGET = 9.3;
				MTL_ENABLE_DEBUG_INFO = NO;
				SDKROOT = iphoneos;
				VALIDATE_PRODUCT = YES;
			};
			name = Release;
		};
		D1C855FB1CEEF33A00866F70 /* Debug */ = {
			isa = XCBuildConfiguration;
			baseConfigurationReference = 3BA315EDB3118838014245F0 /* Pods-AppTest.debug.xcconfig */;
			buildSettings = {
				ASSETCATALOG_COMPILER_APPICON_NAME = AppIcon;
				INFOPLIST_FILE = AppTest/Info.plist;
				IPHONEOS_DEPLOYMENT_TARGET = 8.4;
				LD_RUNPATH_SEARCH_PATHS = "$(inherited) @executable_path/Frameworks";
				PRODUCT_BUNDLE_IDENTIFIER = com.findata.AppTest;
				PRODUCT_NAME = "$(TARGET_NAME)";
			};
			name = Debug;
		};
		D1C855FC1CEEF33A00866F70 /* Release */ = {
			isa = XCBuildConfiguration;
			baseConfigurationReference = 934B05D4238BA697FD24403D /* Pods-AppTest.release.xcconfig */;
			buildSettings = {
				ASSETCATALOG_COMPILER_APPICON_NAME = AppIcon;
				INFOPLIST_FILE = AppTest/Info.plist;
				IPHONEOS_DEPLOYMENT_TARGET = 8.4;
				LD_RUNPATH_SEARCH_PATHS = "$(inherited) @executable_path/Frameworks";
				PRODUCT_BUNDLE_IDENTIFIER = com.findata.AppTest;
				PRODUCT_NAME = "$(TARGET_NAME)";
			};
			name = Release;
		};
		D1C855FE1CEEF33A00866F70 /* Debug */ = {
			isa = XCBuildConfiguration;
			baseConfigurationReference = 6665BB04E34258FD4C66D24A /* Pods-AppTest-AppTestTests.debug.xcconfig */;
			buildSettings = {
				BUNDLE_LOADER = "$(TEST_HOST)";
				INFOPLIST_FILE = AppTestTests/Info.plist;
				LD_RUNPATH_SEARCH_PATHS = "$(inherited) @executable_path/Frameworks @loader_path/Frameworks";
				PRODUCT_BUNDLE_IDENTIFIER = com.findata.AppTestTests;
				PRODUCT_NAME = "$(TARGET_NAME)";
				TEST_HOST = "$(BUILT_PRODUCTS_DIR)/AppTest.app/AppTest";
			};
			name = Debug;
		};
		D1C855FF1CEEF33A00866F70 /* Release */ = {
			isa = XCBuildConfiguration;
			baseConfigurationReference = 73BAC8F52485C08E1F9169FF /* Pods-AppTest-AppTestTests.release.xcconfig */;
			buildSettings = {
				BUNDLE_LOADER = "$(TEST_HOST)";
				INFOPLIST_FILE = AppTestTests/Info.plist;
				LD_RUNPATH_SEARCH_PATHS = "$(inherited) @executable_path/Frameworks @loader_path/Frameworks";
				PRODUCT_BUNDLE_IDENTIFIER = com.findata.AppTestTests;
				PRODUCT_NAME = "$(TARGET_NAME)";
				TEST_HOST = "$(BUILT_PRODUCTS_DIR)/AppTest.app/AppTest";
			};
			name = Release;
		};
		D1C856011CEEF33A00866F70 /* Debug */ = {
			isa = XCBuildConfiguration;
			baseConfigurationReference = F8D4F6AAC1D0E2E241B0E967 /* Pods-AppTest-AppTestUITests.debug.xcconfig */;
			buildSettings = {
				INFOPLIST_FILE = AppTestUITests/Info.plist;
				LD_RUNPATH_SEARCH_PATHS = "$(inherited) @executable_path/Frameworks @loader_path/Frameworks";
				PRODUCT_BUNDLE_IDENTIFIER = com.findata.AppTestUITests;
				PRODUCT_NAME = "$(TARGET_NAME)";
				TEST_TARGET_NAME = AppTest;
			};
			name = Debug;
		};
		D1C856021CEEF33A00866F70 /* Release */ = {
			isa = XCBuildConfiguration;
			baseConfigurationReference = 96B1373840C0937D077A1381 /* Pods-AppTest-AppTestUITests.release.xcconfig */;
			buildSettings = {
				INFOPLIST_FILE = AppTestUITests/Info.plist;
				LD_RUNPATH_SEARCH_PATHS = "$(inherited) @executable_path/Frameworks @loader_path/Frameworks";
				PRODUCT_BUNDLE_IDENTIFIER = com.findata.AppTestUITests;
				PRODUCT_NAME = "$(TARGET_NAME)";
				TEST_TARGET_NAME = AppTest;
			};
			name = Release;
		};
/* End XCBuildConfiguration section */

/* Begin XCConfigurationList section */
		D1C855CD1CEEF33A00866F70 /* Build configuration list for PBXProject "AppTest" */ = {
			isa = XCConfigurationList;
			buildConfigurations = (
				D1C855F81CEEF33A00866F70 /* Debug */,
				D1C855F91CEEF33A00866F70 /* Release */,
			);
			defaultConfigurationIsVisible = 0;
			defaultConfigurationName = Release;
		};
		D1C855FA1CEEF33A00866F70 /* Build configuration list for PBXNativeTarget "AppTest" */ = {
			isa = XCConfigurationList;
			buildConfigurations = (
				D1C855FB1CEEF33A00866F70 /* Debug */,
				D1C855FC1CEEF33A00866F70 /* Release */,
			);
			defaultConfigurationIsVisible = 0;
			defaultConfigurationName = Release;
		};
		D1C855FD1CEEF33A00866F70 /* Build configuration list for PBXNativeTarget "AppTestTests" */ = {
			isa = XCConfigurationList;
			buildConfigurations = (
				D1C855FE1CEEF33A00866F70 /* Debug */,
				D1C855FF1CEEF33A00866F70 /* Release */,
			);
			defaultConfigurationIsVisible = 0;
			defaultConfigurationName = Release;
		};
		D1C856001CEEF33A00866F70 /* Build configuration list for PBXNativeTarget "AppTestUITests" */ = {
			isa = XCConfigurationList;
			buildConfigurations = (
				D1C856011CEEF33A00866F70 /* Debug */,
				D1C856021CEEF33A00866F70 /* Release */,
			);
			defaultConfigurationIsVisible = 0;
			defaultConfigurationName = Release;
		};
/* End XCConfigurationList section */
	};
	rootObject = D1C855CA1CEEF33A00866F70 /* Project object */;
}
